
Microsoft Visual Studio Solution File, Format Version 12.00
# Visual Studio 15
VisualStudioVersion = 15.0.27130.2036
MinimumVisualStudioVersion = 10.0.40219.1
Project("{FAE04EC0-301F-11D3-BF4B-00C04F79EFBC}") = "WeatherApp.Android", "WeatherApp\WeatherApp.Android\WeatherApp.Android.csproj", "{345CDBCD-F2D4-4A12-9EEF-38E563C3AE44}"
EndProject
Project("{FAE04EC0-301F-11D3-BF4B-00C04F79EFBC}") = "WeatherApp.iOS", "WeatherApp\WeatherApp.iOS\WeatherApp.iOS.csproj", "{DBC52F7B-F588-4E6E-B20D-D7000CD47E8B}"
EndProject
Project("{FAE04EC0-301F-11D3-BF4B-00C04F79EFBC}") = "WeatherApp.UWP", "WeatherApp\WeatherApp.UWP\WeatherApp.UWP.csproj", "{FB2EA270-3467-45D2-A4CC-CE7B20F7905F}"
EndProject
Project("{FAE04EC0-301F-11D3-BF4B-00C04F79EFBC}") = "WeatherApp", "WeatherApp\WeatherApp\WeatherApp.csproj", "{021F3473-6993-4DB4-8751-7D390C67BA1E}"
EndProject
Global
	GlobalSection(SolutionConfigurationPlatforms) = preSolution
		Debug|Any CPU = Debug|Any CPU
		Debug|ARM = Debug|ARM
		Debug|iPhone = Debug|iPhone
		Debug|iPhoneSimulator = Debug|iPhoneSimulator
		Debug|x64 = Debug|x64
		Debug|x86 = Debug|x86
		Release|Any CPU = Release|Any CPU
		Release|ARM = Release|ARM
		Release|iPhone = Release|iPhone
		Release|iPhoneSimulator = Release|iPhoneSimulator
		Release|x64 = Release|x64
		Release|x86 = Release|x86
	EndGlobalSection
	GlobalSection(ProjectConfigurationPlatforms) = postSolution
		{345CDBCD-F2D4-4A12-9EEF-38E563C3AE44}.Debug|Any CPU.ActiveCfg = Debug|Any CPU
		{345CDBCD-F2D4-4A12-9EEF-38E563C3AE44}.Debug|Any CPU.Build.0 = Debug|Any CPU
		{345CDBCD-F2D4-4A12-9EEF-38E563C3AE44}.Debug|Any CPU.Deploy.0 = Debug|Any CPU
		{345CDBCD-F2D4-4A12-9EEF-38E563C3AE44}.Debug|ARM.ActiveCfg = Debug|Any CPU
		{345CDBCD-F2D4-4A12-9EEF-38E563C3AE44}.Debug|ARM.Build.0 = Debug|Any CPU
		{345CDBCD-F2D4-4A12-9EEF-38E563C3AE44}.Debug|ARM.Deploy.0 = Debug|Any CPU
		{345CDBCD-F2D4-4A12-9EEF-38E563C3AE44}.Debug|iPhone.ActiveCfg = Debug|Any CPU
		{345CDBCD-F2D4-4A12-9EEF-38E563C3AE44}.Debug|iPhone.Build.0 = Debug|Any CPU
		{345CDBCD-F2D4-4A12-9EEF-38E563C3AE44}.Debug|iPhone.Deploy.0 = Debug|Any CPU
		{345CDBCD-F2D4-4A12-9EEF-38E563C3AE44}.Debug|iPhoneSimulator.ActiveCfg = Debug|Any CPU
		{345CDBCD-F2D4-4A12-9EEF-38E563C3AE44}.Debug|iPhoneSimulator.Build.0 = Debug|Any CPU
		{345CDBCD-F2D4-4A12-9EEF-38E563C3AE44}.Debug|iPhoneSimulator.Deploy.0 = Debug|Any CPU
		{345CDBCD-F2D4-4A12-9EEF-38E563C3AE44}.Debug|x64.ActiveCfg = Debug|Any CPU
		{345CDBCD-F2D4-4A12-9EEF-38E563C3AE44}.Debug|x64.Build.0 = Debug|Any CPU
		{345CDBCD-F2D4-4A12-9EEF-38E563C3AE44}.Debug|x64.Deploy.0 = Debug|Any CPU
		{345CDBCD-F2D4-4A12-9EEF-38E563C3AE44}.Debug|x86.ActiveCfg = Debug|Any CPU
		{345CDBCD-F2D4-4A12-9EEF-38E563C3AE44}.Debug|x86.Build.0 = Debug|Any CPU
		{345CDBCD-F2D4-4A12-9EEF-38E563C3AE44}.Debug|x86.Deploy.0 = Debug|Any CPU
		{345CDBCD-F2D4-4A12-9EEF-38E563C3AE44}.Release|Any CPU.ActiveCfg = Release|Any CPU
		{345CDBCD-F2D4-4A12-9EEF-38E563C3AE44}.Release|Any CPU.Build.0 = Release|Any CPU
		{345CDBCD-F2D4-4A12-9EEF-38E563C3AE44}.Release|Any CPU.Deploy.0 = Release|Any CPU
		{345CDBCD-F2D4-4A12-9EEF-38E563C3AE44}.Release|ARM.ActiveCfg = Release|Any CPU
		{345CDBCD-F2D4-4A12-9EEF-38E563C3AE44}.Release|ARM.Build.0 = Release|Any CPU
		{345CDBCD-F2D4-4A12-9EEF-38E563C3AE44}.Release|ARM.Deploy.0 = Release|Any CPU
		{345CDBCD-F2D4-4A12-9EEF-38E563C3AE44}.Release|iPhone.ActiveCfg = Release|Any CPU
		{345CDBCD-F2D4-4A12-9EEF-38E563C3AE44}.Release|iPhone.Build.0 = Release|Any CPU
		{345CDBCD-F2D4-4A12-9EEF-38E563C3AE44}.Release|iPhone.Deploy.0 = Release|Any CPU
		{345CDBCD-F2D4-4A12-9EEF-38E563C3AE44}.Release|iPhoneSimulator.ActiveCfg = Release|Any CPU
		{345CDBCD-F2D4-4A12-9EEF-38E563C3AE44}.Release|iPhoneSimulator.Build.0 = Release|Any CPU
		{345CDBCD-F2D4-4A12-9EEF-38E563C3AE44}.Release|iPhoneSimulator.Deploy.0 = Release|Any CPU
		{345CDBCD-F2D4-4A12-9EEF-38E563C3AE44}.Release|x64.ActiveCfg = Release|Any CPU
		{345CDBCD-F2D4-4A12-9EEF-38E563C3AE44}.Release|x64.Build.0 = Release|Any CPU
		{345CDBCD-F2D4-4A12-9EEF-38E563C3AE44}.Release|x64.Deploy.0 = Release|Any CPU
		{345CDBCD-F2D4-4A12-9EEF-38E563C3AE44}.Release|x86.ActiveCfg = Release|Any CPU
		{345CDBCD-F2D4-4A12-9EEF-38E563C3AE44}.Release|x86.Build.0 = Release|Any CPU
		{345CDBCD-F2D4-4A12-9EEF-38E563C3AE44}.Release|x86.Deploy.0 = Release|Any CPU
		{DBC52F7B-F588-4E6E-B20D-D7000CD47E8B}.Debug|Any CPU.ActiveCfg = Debug|iPhone
		{DBC52F7B-F588-4E6E-B20D-D7000CD47E8B}.Debug|ARM.ActiveCfg = Debug|iPhone
		{DBC52F7B-F588-4E6E-B20D-D7000CD47E8B}.Debug|iPhone.ActiveCfg = Debug|iPhone
		{DBC52F7B-F588-4E6E-B20D-D7000CD47E8B}.Debug|iPhone.Build.0 = Debug|iPhone
		{DBC52F7B-F588-4E6E-B20D-D7000CD47E8B}.Debug|iPhoneSimulator.ActiveCfg = Debug|iPhoneSimulator
		{DBC52F7B-F588-4E6E-B20D-D7000CD47E8B}.Debug|iPhoneSimulator.Build.0 = Debug|iPhoneSimulator
		{DBC52F7B-F588-4E6E-B20D-D7000CD47E8B}.Debug|x64.ActiveCfg = Debug|iPhone
		{DBC52F7B-F588-4E6E-B20D-D7000CD47E8B}.Debug|x86.ActiveCfg = Debug|iPhone
		{DBC52F7B-F588-4E6E-B20D-D7000CD47E8B}.Release|Any CPU.ActiveCfg = Release|iPhone
		{DBC52F7B-F588-4E6E-B20D-D7000CD47E8B}.Release|ARM.ActiveCfg = Release|iPhone
		{DBC52F7B-F588-4E6E-B20D-D7000CD47E8B}.Release|iPhone.ActiveCfg = Release|iPhone
		{DBC52F7B-F588-4E6E-B20D-D7000CD47E8B}.Release|iPhone.Build.0 = Release|iPhone
		{DBC52F7B-F588-4E6E-B20D-D7000CD47E8B}.Release|iPhoneSimulator.ActiveCfg = Release|iPhoneSimulator
		{DBC52F7B-F588-4E6E-B20D-D7000CD47E8B}.Release|iPhoneSimulator.Build.0 = Release|iPhoneSimulator
		{DBC52F7B-F588-4E6E-B20D-D7000CD47E8B}.Release|x64.ActiveCfg = Release|iPhone
		{DBC52F7B-F588-4E6E-B20D-D7000CD47E8B}.Release|x86.ActiveCfg = Release|iPhone
		{FB2EA270-3467-45D2-A4CC-CE7B20F7905F}.Debug|Any CPU.ActiveCfg = Debug|x86
		{FB2EA270-3467-45D2-A4CC-CE7B20F7905F}.Debug|ARM.ActiveCfg = Debug|ARM
		{FB2EA270-3467-45D2-A4CC-CE7B20F7905F}.Debug|ARM.Build.0 = Debug|ARM
		{FB2EA270-3467-45D2-A4CC-CE7B20F7905F}.Debug|ARM.Deploy.0 = Debug|ARM
		{FB2EA270-3467-45D2-A4CC-CE7B20F7905F}.Debug|iPhone.ActiveCfg = Debug|x86
		{FB2EA270-3467-45D2-A4CC-CE7B20F7905F}.Debug|iPhoneSimulator.ActiveCfg = Debug|x86
		{FB2EA270-3467-45D2-A4CC-CE7B20F7905F}.Debug|x64.ActiveCfg = Debug|x64
		{FB2EA270-3467-45D2-A4CC-CE7B20F7905F}.Debug|x64.Build.0 = Debug|x64
		{FB2EA270-3467-45D2-A4CC-CE7B20F7905F}.Debug|x64.Deploy.0 = Debug|x64
		{FB2EA270-3467-45D2-A4CC-CE7B20F7905F}.Debug|x86.ActiveCfg = Debug|x86
		{FB2EA270-3467-45D2-A4CC-CE7B20F7905F}.Debug|x86.Build.0 = Debug|x86
		{FB2EA270-3467-45D2-A4CC-CE7B20F7905F}.Debug|x86.Deploy.0 = Debug|x86
		{FB2EA270-3467-45D2-A4CC-CE7B20F7905F}.Release|Any CPU.ActiveCfg = Release|x86
		{FB2EA270-3467-45D2-A4CC-CE7B20F7905F}.Release|ARM.ActiveCfg = Release|ARM
		{FB2EA270-3467-45D2-A4CC-CE7B20F7905F}.Release|ARM.Build.0 = Release|ARM
		{FB2EA270-3467-45D2-A4CC-CE7B20F7905F}.Release|ARM.Deploy.0 = Release|ARM
		{FB2EA270-3467-45D2-A4CC-CE7B20F7905F}.Release|iPhone.ActiveCfg = Release|x86
		{FB2EA270-3467-45D2-A4CC-CE7B20F7905F}.Release|iPhoneSimulator.ActiveCfg = Release|x86
		{FB2EA270-3467-45D2-A4CC-CE7B20F7905F}.Release|x64.ActiveCfg = Release|x64
		{FB2EA270-3467-45D2-A4CC-CE7B20F7905F}.Release|x64.Build.0 = Release|x64
		{FB2EA270-3467-45D2-A4CC-CE7B20F7905F}.Release|x64.Deploy.0 = Release|x64
		{FB2EA270-3467-45D2-A4CC-CE7B20F7905F}.Release|x86.ActiveCfg = Release|x86
		{FB2EA270-3467-45D2-A4CC-CE7B20F7905F}.Release|x86.Build.0 = Release|x86
		{FB2EA270-3467-45D2-A4CC-CE7B20F7905F}.Release|x86.Deploy.0 = Release|x86
		{021F3473-6993-4DB4-8751-7D390C67BA1E}.Debug|Any CPU.ActiveCfg = Debug|Any CPU
		{021F3473-6993-4DB4-8751-7D390C67BA1E}.Debug|Any CPU.Build.0 = Debug|Any CPU
		{021F3473-6993-4DB4-8751-7D390C67BA1E}.Debug|ARM.ActiveCfg = Debug|Any CPU
		{021F3473-6993-4DB4-8751-7D390C67BA1E}.Debug|ARM.Build.0 = Debug|Any CPU
		{021F3473-6993-4DB4-8751-7D390C67BA1E}.Debug|iPhone.ActiveCfg = Debug|Any CPU
		{021F3473-6993-4DB4-8751-7D390C67BA1E}.Debug|iPhone.Build.0 = Debug|Any CPU
		{021F3473-6993-4DB4-8751-7D390C67BA1E}.Debug|iPhoneSimulator.ActiveCfg = Debug|Any CPU
		{021F3473-6993-4DB4-8751-7D390C67BA1E}.Debug|iPhoneSimulator.Build.0 = Debug|Any CPU
		{021F3473-6993-4DB4-8751-7D390C67BA1E}.Debug|x64.ActiveCfg = Debug|Any CPU
		{021F3473-6993-4DB4-8751-7D390C67BA1E}.Debug|x64.Build.0 = Debug|Any CPU
		{021F3473-6993-4DB4-8751-7D390C67BA1E}.Debug|x86.ActiveCfg = Debug|Any CPU
		{021F3473-6993-4DB4-8751-7D390C67BA1E}.Debug|x86.Build.0 = Debug|Any CPU
		{021F3473-6993-4DB4-8751-7D390C67BA1E}.Release|Any CPU.ActiveCfg = Release|Any CPU
		{021F3473-6993-4DB4-8751-7D390C67BA1E}.Release|Any CPU.Build.0 = Release|Any CPU
		{021F3473-6993-4DB4-8751-7D390C67BA1E}.Release|ARM.ActiveCfg = Release|Any CPU
		{021F3473-6993-4DB4-8751-7D390C67BA1E}.Release|ARM.Build.0 = Release|Any CPU
		{021F3473-6993-4DB4-8751-7D390C67BA1E}.Release|iPhone.ActiveCfg = Release|Any CPU
		{021F3473-6993-4DB4-8751-7D390C67BA1E}.Release|iPhone.Build.0 = Release|Any CPU
		{021F3473-6993-4DB4-8751-7D390C67BA1E}.Release|iPhoneSimulator.ActiveCfg = Release|Any CPU
		{021F3473-6993-4DB4-8751-7D390C67BA1E}.Release|iPhoneSimulator.Build.0 = Release|Any CPU
		{021F3473-6993-4DB4-8751-7D390C67BA1E}.Release|x64.ActiveCfg = Release|Any CPU
		{021F3473-6993-4DB4-8751-7D390C67BA1E}.Release|x64.Build.0 = Release|Any CPU
		{021F3473-6993-4DB4-8751-7D390C67BA1E}.Release|x86.ActiveCfg = Release|Any CPU
		{021F3473-6993-4DB4-8751-7D390C67BA1E}.Release|x86.Build.0 = Release|Any CPU
	EndGlobalSection
	GlobalSection(SolutionProperties) = preSolution
		HideSolutionNode = FALSE
	EndGlobalSection
	GlobalSection(ExtensibilityGlobals) = postSolution
		SolutionGuid = {10B00380-B564-4910-A1A0-C8E87EA45245}
	EndGlobalSection
EndGlobal
